// !$*UTF8*$!
{
	archiveVersion = 1;
	classes = {
	};
	objectVersion = 42;
	objects = {

/* Begin PBXBuildFile section */
		2B679862069193F300E2BD4F /* Cocoa.framework in Frameworks */ = {isa = PBXBuildFile; fileRef = 2B679860069193F300E2BD4F /* Cocoa.framework */; };
		2B679863069193F300E2BD4F /* IOKit.framework in Frameworks */ = {isa = PBXBuildFile; fileRef = 2B679861069193F300E2BD4F /* IOKit.framework */; };
		71054DC51204A20900AC2CCB /* begin_code.h in Headers */ = {isa = PBXBuildFile; fileRef = 71054DA11204A20900AC2CCB /* begin_code.h */; };
		71054DC61204A20900AC2CCB /* close_code.h in Headers */ = {isa = PBXBuildFile; fileRef = 71054DA21204A20900AC2CCB /* close_code.h */; };
		71054DC71204A20900AC2CCB /* SDL.h in Headers */ = {isa = PBXBuildFile; fileRef = 71054DA31204A20900AC2CCB /* SDL.h */; };
		71054DC81204A20900AC2CCB /* SDL_assert.h in Headers */ = {isa = PBXBuildFile; fileRef = 71054DA41204A20900AC2CCB /* SDL_assert.h */; };
		71054DC91204A20900AC2CCB /* SDL_config.h in Headers */ = {isa = PBXBuildFile; fileRef = 71054DA51204A20900AC2CCB /* SDL_config.h */; };
		71054DCA1204A20900AC2CCB /* SDL_endian.h in Headers */ = {isa = PBXBuildFile; fileRef = 71054DA61204A20900AC2CCB /* SDL_endian.h */; };
		71054DCB1204A20900AC2CCB /* SDL_error.h in Headers */ = {isa = PBXBuildFile; fileRef = 71054DA71204A20900AC2CCB /* SDL_error.h */; };
		71054DCC1204A20900AC2CCB /* SDL_haptic.h in Headers */ = {isa = PBXBuildFile; fileRef = 71054DA81204A20900AC2CCB /* SDL_haptic.h */; };
		71054DCD1204A20900AC2CCB /* SDL_joystick.h in Headers */ = {isa = PBXBuildFile; fileRef = 71054DA91204A20900AC2CCB /* SDL_joystick.h */; };
		71054DCE1204A20900AC2CCB /* SDL_main.h in Headers */ = {isa = PBXBuildFile; fileRef = 71054DAA1204A20900AC2CCB /* SDL_main.h */; };
		71054DD01204A20900AC2CCB /* SDL_platform.h in Headers */ = {isa = PBXBuildFile; fileRef = 71054DAC1204A20900AC2CCB /* SDL_platform.h */; };
		71054DD31204A20900AC2CCB /* SDL_stdinc.h in Headers */ = {isa = PBXBuildFile; fileRef = 71054DAF1204A20900AC2CCB /* SDL_stdinc.h */; };
		71054DD61204A20900AC2CCB /* SDL_syshaptic.c in Sources */ = {isa = PBXBuildFile; fileRef = 71054DB51204A20900AC2CCB /* SDL_syshaptic.c */; };
		71054DD71204A20900AC2CCB /* SDL_haptic.c in Sources */ = {isa = PBXBuildFile; fileRef = 71054DB61204A20900AC2CCB /* SDL_haptic.c */; };
		71054DD81204A20900AC2CCB /* SDL_haptic_c.h in Headers */ = {isa = PBXBuildFile; fileRef = 71054DB71204A20900AC2CCB /* SDL_haptic_c.h */; };
		71054DD91204A20900AC2CCB /* SDL_syshaptic.h in Headers */ = {isa = PBXBuildFile; fileRef = 71054DB81204A20900AC2CCB /* SDL_syshaptic.h */; };
		71054DDA1204A20900AC2CCB /* SDL_sysjoystick.c in Sources */ = {isa = PBXBuildFile; fileRef = 71054DBB1204A20900AC2CCB /* SDL_sysjoystick.c */; };
		71054DDB1204A20900AC2CCB /* SDL_sysjoystick_c.h in Headers */ = {isa = PBXBuildFile; fileRef = 71054DBC1204A20900AC2CCB /* SDL_sysjoystick_c.h */; };
		71054DDC1204A20900AC2CCB /* SDL_joystick.c in Sources */ = {isa = PBXBuildFile; fileRef = 71054DBD1204A20900AC2CCB /* SDL_joystick.c */; };
		71054DDD1204A20900AC2CCB /* SDL_joystick_c.h in Headers */ = {isa = PBXBuildFile; fileRef = 71054DBE1204A20900AC2CCB /* SDL_joystick_c.h */; };
		71054DDE1204A20900AC2CCB /* SDL_sysjoystick.h in Headers */ = {isa = PBXBuildFile; fileRef = 71054DBF1204A20900AC2CCB /* SDL_sysjoystick.h */; };
		71054DDF1204A20900AC2CCB /* SDL.c in Sources */ = {isa = PBXBuildFile; fileRef = 71054DC01204A20900AC2CCB /* SDL.c */; };
		71054DE21204A20900AC2CCB /* SDL_error.c in Sources */ = {isa = PBXBuildFile; fileRef = 71054DC31204A20900AC2CCB /* SDL_error.c */; };
		71054DE31204A20900AC2CCB /* SDL_error_c.h in Headers */ = {isa = PBXBuildFile; fileRef = 71054DC41204A20900AC2CCB /* SDL_error_c.h */; };
		71054E211204A49F00AC2CCB /* ForceFeedback.framework in Frameworks */ = {isa = PBXBuildFile; fileRef = 71054E201204A49F00AC2CCB /* ForceFeedback.framework */; };
		7136F1DA1200E163001973D9 /* ControllerList.h in Headers */ = {isa = PBXBuildFile; fileRef = 71E861A411FF75AC001C1826 /* ControllerList.h */; };
		7136F1DB1200E163001973D9 /* ControllerList.m in Sources */ = {isa = PBXBuildFile; fileRef = 71E861A511FF75AC001C1826 /* ControllerList.m */; };
		7136F1DC1200E164001973D9 /* MappingCell.h in Headers */ = {isa = PBXBuildFile; fileRef = 71E861A811FF75AC001C1826 /* MappingCell.h */; };
		7136F1DD1200E164001973D9 /* MappingCell.m in Sources */ = {isa = PBXBuildFile; fileRef = 71E861A911FF75AC001C1826 /* MappingCell.m */; };
		7136F1DE1200E165001973D9 /* PadController.m in Sources */ = {isa = PBXBuildFile; fileRef = 71E861AB11FF75AC001C1826 /* PadController.m */; };
		7136F1DF1200E165001973D9 /* PadController.h in Headers */ = {isa = PBXBuildFile; fileRef = 71E861AA11FF75AC001C1826 /* PadController.h */; };
		7136F51A12011BB4001973D9 /* Credits.rtf in Resources */ = {isa = PBXBuildFile; fileRef = 7136F51812011BB4001973D9 /* Credits.rtf */; };
		714FA82E11FC822A00517F47 /* analog.c in Sources */ = {isa = PBXBuildFile; fileRef = 714FA82A11FC822A00517F47 /* analog.c */; };
		714FA82F11FC822A00517F47 /* pad.c in Sources */ = {isa = PBXBuildFile; fileRef = 714FA82B11FC822A00517F47 /* pad.c */; };
		714FA83011FC822A00517F47 /* pad.h in Headers */ = {isa = PBXBuildFile; fileRef = 714FA82C11FC822A00517F47 /* pad.h */; };
		714FA83111FC822A00517F47 /* sdljoy.c in Sources */ = {isa = PBXBuildFile; fileRef = 714FA82D11FC822A00517F47 /* sdljoy.c */; };
		714FA8A011FC846800517F47 /* Carbon.framework in Frameworks */ = {isa = PBXBuildFile; fileRef = 714FA89F11FC846800517F47 /* Carbon.framework */; };
		714FA8FA11FC863500517F47 /* cfg.c in Sources */ = {isa = PBXBuildFile; fileRef = 714FA8F811FC863500517F47 /* cfg.c */; };
		714FA8FB11FC863500517F47 /* xkb.c in Sources */ = {isa = PBXBuildFile; fileRef = 714FA8F911FC863500517F47 /* xkb.c */; };
		7192EAAE1200D54500038B92 /* cfg.h in Headers */ = {isa = PBXBuildFile; fileRef = 7192EAAB1200D54500038B92 /* cfg.h */; };
		71E861B611FF75AC001C1826 /* PadView.h in Headers */ = {isa = PBXBuildFile; fileRef = 71E861AC11FF75AC001C1826 /* PadView.h */; };
		71E861B711FF75AC001C1826 /* PadView.m in Sources */ = {isa = PBXBuildFile; fileRef = 71E861AD11FF75AC001C1826 /* PadView.m */; };
		71E861BC11FF75BA001C1826 /* NetPcsxHIDInputPluginMain.nib in Resources */ = {isa = PBXBuildFile; fileRef = 71E861BA11FF75BA001C1826 /* NetPcsxHIDInputPluginMain.nib */; };
		8D576314048677EA00EA77CD /* CoreFoundation.framework in Frameworks */ = {isa = PBXBuildFile; fileRef = 0AA1909FFE8422F4C02AAC07 /* CoreFoundation.framework */; };
		8D5B49A804867FD3000E48DA /* InfoPlist.strings in Resources */ = {isa = PBXBuildFile; fileRef = 8D5B49A704867FD3000E48DA /* InfoPlist.strings */; };
/* End PBXBuildFile section */

/* Begin PBXFileReference section */
		089C167EFE841241C02AAC07 /* English */ = {isa = PBXFileReference; fileEncoding = 10; lastKnownFileType = text.plist.strings; name = English; path = English.lproj/InfoPlist.strings; sourceTree = "<group>"; };
		0AA1909FFE8422F4C02AAC07 /* CoreFoundation.framework */ = {isa = PBXFileReference; lastKnownFileType = wrapper.framework; name = CoreFoundation.framework; path = /System/Library/Frameworks/CoreFoundation.framework; sourceTree = "<absolute>"; };
		2B679860069193F300E2BD4F /* Cocoa.framework */ = {isa = PBXFileReference; lastKnownFileType = wrapper.framework; name = Cocoa.framework; path = /System/Library/Frameworks/Cocoa.framework; sourceTree = "<absolute>"; };
		2B679861069193F300E2BD4F /* IOKit.framework */ = {isa = PBXFileReference; lastKnownFileType = wrapper.framework; name = IOKit.framework; path = /System/Library/Frameworks/IOKit.framework; sourceTree = "<absolute>"; };
		71054DA11204A20900AC2CCB /* begin_code.h */ = {isa = PBXFileReference; fileEncoding = 0; lastKnownFileType = sourcecode.c.h; path = begin_code.h; sourceTree = "<group>"; };
		71054DA21204A20900AC2CCB /* close_code.h */ = {isa = PBXFileReference; fileEncoding = 0; lastKnownFileType = sourcecode.c.h; path = close_code.h; sourceTree = "<group>"; };
		71054DA31204A20900AC2CCB /* SDL.h */ = {isa = PBXFileReference; fileEncoding = 0; lastKnownFileType = sourcecode.c.h; path = SDL.h; sourceTree = "<group>"; };
		71054DA41204A20900AC2CCB /* SDL_assert.h */ = {isa = PBXFileReference; fileEncoding = 0; lastKnownFileType = sourcecode.c.h; path = SDL_assert.h; sourceTree = "<group>"; };
		71054DA51204A20900AC2CCB /* SDL_config.h */ = {isa = PBXFileReference; fileEncoding = 0; lastKnownFileType = sourcecode.c.h; path = SDL_config.h; sourceTree = "<group>"; };
		71054DA61204A20900AC2CCB /* SDL_endian.h */ = {isa = PBXFileReference; fileEncoding = 0; lastKnownFileType = sourcecode.c.h; path = SDL_endian.h; sourceTree = "<group>"; };
		71054DA71204A20900AC2CCB /* SDL_error.h */ = {isa = PBXFileReference; fileEncoding = 0; lastKnownFileType = sourcecode.c.h; path = SDL_error.h; sourceTree = "<group>"; };
		71054DA81204A20900AC2CCB /* SDL_haptic.h */ = {isa = PBXFileReference; fileEncoding = 0; lastKnownFileType = sourcecode.c.h; path = SDL_haptic.h; sourceTree = "<group>"; };
		71054DA91204A20900AC2CCB /* SDL_joystick.h */ = {isa = PBXFileReference; fileEncoding = 0; lastKnownFileType = sourcecode.c.h; path = SDL_joystick.h; sourceTree = "<group>"; };
		71054DAA1204A20900AC2CCB /* SDL_main.h */ = {isa = PBXFileReference; fileEncoding = 0; lastKnownFileType = sourcecode.c.h; path = SDL_main.h; sourceTree = "<group>"; };
		71054DAC1204A20900AC2CCB /* SDL_platform.h */ = {isa = PBXFileReference; fileEncoding = 0; lastKnownFileType = sourcecode.c.h; path = SDL_platform.h; sourceTree = "<group>"; };
		71054DAF1204A20900AC2CCB /* SDL_stdinc.h */ = {isa = PBXFileReference; fileEncoding = 0; lastKnownFileType = sourcecode.c.h; path = SDL_stdinc.h; sourceTree = "<group>"; };
		71054DB51204A20900AC2CCB /* SDL_syshaptic.c */ = {isa = PBXFileReference; fileEncoding = 0; lastKnownFileType = sourcecode.c.c; path = SDL_syshaptic.c; sourceTree = "<group>"; };
		71054DB61204A20900AC2CCB /* SDL_haptic.c */ = {isa = PBXFileReference; fileEncoding = 0; lastKnownFileType = sourcecode.c.c; path = SDL_haptic.c; sourceTree = "<group>"; };
		71054DB71204A20900AC2CCB /* SDL_haptic_c.h */ = {isa = PBXFileReference; fileEncoding = 0; lastKnownFileType = sourcecode.c.h; path = SDL_haptic_c.h; sourceTree = "<group>"; };
		71054DB81204A20900AC2CCB /* SDL_syshaptic.h */ = {isa = PBXFileReference; fileEncoding = 0; lastKnownFileType = sourcecode.c.h; path = SDL_syshaptic.h; sourceTree = "<group>"; };
		71054DBB1204A20900AC2CCB /* SDL_sysjoystick.c */ = {isa = PBXFileReference; fileEncoding = 0; lastKnownFileType = sourcecode.c.c; path = SDL_sysjoystick.c; sourceTree = "<group>"; };
		71054DBC1204A20900AC2CCB /* SDL_sysjoystick_c.h */ = {isa = PBXFileReference; fileEncoding = 0; lastKnownFileType = sourcecode.c.h; path = SDL_sysjoystick_c.h; sourceTree = "<group>"; };
		71054DBD1204A20900AC2CCB /* SDL_joystick.c */ = {isa = PBXFileReference; fileEncoding = 0; lastKnownFileType = sourcecode.c.c; path = SDL_joystick.c; sourceTree = "<group>"; };
		71054DBE1204A20900AC2CCB /* SDL_joystick_c.h */ = {isa = PBXFileReference; fileEncoding = 0; lastKnownFileType = sourcecode.c.h; path = SDL_joystick_c.h; sourceTree = "<group>"; };
		71054DBF1204A20900AC2CCB /* SDL_sysjoystick.h */ = {isa = PBXFileReference; fileEncoding = 0; lastKnownFileType = sourcecode.c.h; path = SDL_sysjoystick.h; sourceTree = "<group>"; };
		71054DC01204A20900AC2CCB /* SDL.c */ = {isa = PBXFileReference; fileEncoding = 0; lastKnownFileType = sourcecode.c.c; path = SDL.c; sourceTree = "<group>"; };
		71054DC31204A20900AC2CCB /* SDL_error.c */ = {isa = PBXFileReference; fileEncoding = 0; lastKnownFileType = sourcecode.c.c; path = SDL_error.c; sourceTree = "<group>"; };
		71054DC41204A20900AC2CCB /* SDL_error_c.h */ = {isa = PBXFileReference; fileEncoding = 0; lastKnownFileType = sourcecode.c.h; path = SDL_error_c.h; sourceTree = "<group>"; };
		71054E201204A49F00AC2CCB /* ForceFeedback.framework */ = {isa = PBXFileReference; lastKnownFileType = wrapper.framework; name = ForceFeedback.framework; path = /System/Library/Frameworks/ForceFeedback.framework; sourceTree = "<absolute>"; };
		7136F51912011BB4001973D9 /* English */ = {isa = PBXFileReference; lastKnownFileType = text.rtf; name = English; path = English.lproj/Credits.rtf; sourceTree = "<group>"; };
		714FA82A11FC822A00517F47 /* analog.c */ = {isa = PBXFileReference; fileEncoding = 0; lastKnownFileType = sourcecode.c.c; name = analog.c; path = ../../../plugins/dfinput/analog.c; sourceTree = SOURCE_ROOT; };
		714FA82B11FC822A00517F47 /* pad.c */ = {isa = PBXFileReference; fileEncoding = 0; lastKnownFileType = sourcecode.c.c; name = pad.c; path = ../../../plugins/dfinput/pad.c; sourceTree = SOURCE_ROOT; };
		714FA82C11FC822A00517F47 /* pad.h */ = {isa = PBXFileReference; fileEncoding = 0; lastKnownFileType = sourcecode.c.h; name = pad.h; path = ../../../plugins/dfinput/pad.h; sourceTree = SOURCE_ROOT; };
		714FA82D11FC822A00517F47 /* sdljoy.c */ = {isa = PBXFileReference; fileEncoding = 0; lastKnownFileType = sourcecode.c.c; name = sdljoy.c; path = ../../../plugins/dfinput/sdljoy.c; sourceTree = SOURCE_ROOT; };
		714FA89F11FC846800517F47 /* Carbon.framework */ = {isa = PBXFileReference; lastKnownFileType = wrapper.framework; name = Carbon.framework; path = /System/Library/Frameworks/Carbon.framework; sourceTree = "<absolute>"; };
		714FA8F811FC863500517F47 /* cfg.c */ = {isa = PBXFileReference; fileEncoding = 0; lastKnownFileType = sourcecode.c.c; name = cfg.c; path = macsrc/cfg.c; sourceTree = "<group>"; };
		714FA8F911FC863500517F47 /* xkb.c */ = {isa = PBXFileReference; fileEncoding = 0; lastKnownFileType = sourcecode.c.c; name = xkb.c; path = macsrc/xkb.c; sourceTree = "<group>"; };
		7192EAAB1200D54500038B92 /* cfg.h */ = {isa = PBXFileReference; fileEncoding = 0; lastKnownFileType = sourcecode.c.h; name = cfg.h; path = macsrc/cfg.h; sourceTree = "<group>"; };
		71E861A411FF75AC001C1826 /* ControllerList.h */ = {isa = PBXFileReference; fileEncoding = 0; lastKnownFileType = sourcecode.c.h; name = ControllerList.h; path = macsrc/ControllerList.h; sourceTree = "<group>"; };
		71E861A511FF75AC001C1826 /* ControllerList.m */ = {isa = PBXFileReference; fileEncoding = 0; lastKnownFileType = sourcecode.c.objc; name = ControllerList.m; path = macsrc/ControllerList.m; sourceTree = "<group>"; };
		71E861A811FF75AC001C1826 /* MappingCell.h */ = {isa = PBXFileReference; fileEncoding = 0; lastKnownFileType = sourcecode.c.h; name = MappingCell.h; path = macsrc/MappingCell.h; sourceTree = "<group>"; };
		71E861A911FF75AC001C1826 /* MappingCell.m */ = {isa = PBXFileReference; fileEncoding = 0; lastKnownFileType = sourcecode.c.objc; name = MappingCell.m; path = macsrc/MappingCell.m; sourceTree = "<group>"; };
		71E861AA11FF75AC001C1826 /* PadController.h */ = {isa = PBXFileReference; fileEncoding = 0; lastKnownFileType = sourcecode.c.h; name = PadController.h; path = macsrc/PadController.h; sourceTree = "<group>"; };
		71E861AB11FF75AC001C1826 /* PadController.m */ = {isa = PBXFileReference; fileEncoding = 0; lastKnownFileType = sourcecode.c.objc; name = PadController.m; path = macsrc/PadController.m; sourceTree = "<group>"; };
		71E861AC11FF75AC001C1826 /* PadView.h */ = {isa = PBXFileReference; fileEncoding = 0; lastKnownFileType = sourcecode.c.h; name = PadView.h; path = macsrc/PadView.h; sourceTree = "<group>"; };
		71E861AD11FF75AC001C1826 /* PadView.m */ = {isa = PBXFileReference; fileEncoding = 0; lastKnownFileType = sourcecode.c.objc; name = PadView.m; path = macsrc/PadView.m; sourceTree = "<group>"; };
		71E861BB11FF75BA001C1826 /* English */ = {isa = PBXFileReference; lastKnownFileType = wrapper.nib; name = English; path = English.lproj/NetPcsxHIDInputPluginMain.nib; sourceTree = "<group>"; };
		8D576316048677EA00EA77CD /* DFInput.psxplugin */ = {isa = PBXFileReference; explicitFileType = wrapper.cfbundle; includeInIndex = 0; path = DFInput.psxplugin; sourceTree = BUILT_PRODUCTS_DIR; };
		8D576317048677EA00EA77CD /* Info.plist */ = {isa = PBXFileReference; fileEncoding = 4; lastKnownFileType = text.plist; path = Info.plist; sourceTree = "<group>"; };
/* End PBXFileReference section */

/* Begin PBXFrameworksBuildPhase section */
		8D576313048677EA00EA77CD /* Frameworks */ = {
			isa = PBXFrameworksBuildPhase;
			buildActionMask = 2147483647;
			files = (
				8D576314048677EA00EA77CD /* CoreFoundation.framework in Frameworks */,
				2B679862069193F300E2BD4F /* Cocoa.framework in Frameworks */,
				2B679863069193F300E2BD4F /* IOKit.framework in Frameworks */,
				714FA8A011FC846800517F47 /* Carbon.framework in Frameworks */,
				71054E211204A49F00AC2CCB /* ForceFeedback.framework in Frameworks */,
			);
			runOnlyForDeploymentPostprocessing = 0;
		};
/* End PBXFrameworksBuildPhase section */

/* Begin PBXGroup section */
		089C166AFE841209C02AAC07 /* DFInput */ = {
			isa = PBXGroup;
			children = (
				714FA82911FC820D00517F47 /* macsrc */,
				714FA82811FC820900517F47 /* src */,
				71054D9F1204A20900AC2CCB /* SDL */,
				089C167CFE841241C02AAC07 /* Resources */,
				089C1671FE841209C02AAC07 /* External Frameworks and Libraries */,
				19C28FB6FE9D52B211CA2CBB /* Products */,
			);
			name = DFInput;
			sourceTree = "<group>";
		};
		089C1671FE841209C02AAC07 /* External Frameworks and Libraries */ = {
			isa = PBXGroup;
			children = (
				71054E201204A49F00AC2CCB /* ForceFeedback.framework */,
				714FA89F11FC846800517F47 /* Carbon.framework */,
				2B679860069193F300E2BD4F /* Cocoa.framework */,
				2B679861069193F300E2BD4F /* IOKit.framework */,
				0AA1909FFE8422F4C02AAC07 /* CoreFoundation.framework */,
			);
			name = "External Frameworks and Libraries";
			sourceTree = "<group>";
		};
		089C167CFE841241C02AAC07 /* Resources */ = {
			isa = PBXGroup;
			children = (
				7136F51812011BB4001973D9 /* Credits.rtf */,
				71E861BA11FF75BA001C1826 /* NetPcsxHIDInputPluginMain.nib */,
				8D576317048677EA00EA77CD /* Info.plist */,
				8D5B49A704867FD3000E48DA /* InfoPlist.strings */,
			);
			name = Resources;
			sourceTree = "<group>";
		};
		19C28FB6FE9D52B211CA2CBB /* Products */ = {
			isa = PBXGroup;
			children = (
				8D576316048677EA00EA77CD /* DFInput.psxplugin */,
			);
			name = Products;
			sourceTree = "<group>";
		};
		71054D9F1204A20900AC2CCB /* SDL */ = {
			isa = PBXGroup;
			children = (
				71054DA01204A20900AC2CCB /* include */,
				71054DB21204A20900AC2CCB /* src */,
			);
			path = SDL;
			sourceTree = "<group>";
		};
		71054DA01204A20900AC2CCB /* include */ = {
			isa = PBXGroup;
			children = (
				71054DA11204A20900AC2CCB /* begin_code.h */,
				71054DA21204A20900AC2CCB /* close_code.h */,
				71054DA31204A20900AC2CCB /* SDL.h */,
				71054DA41204A20900AC2CCB /* SDL_assert.h */,
				71054DA51204A20900AC2CCB /* SDL_config.h */,
				71054DA61204A20900AC2CCB /* SDL_endian.h */,
				71054DA71204A20900AC2CCB /* SDL_error.h */,
				71054DA81204A20900AC2CCB /* SDL_haptic.h */,
				71054DA91204A20900AC2CCB /* SDL_joystick.h */,
				71054DAA1204A20900AC2CCB /* SDL_main.h */,
				71054DAC1204A20900AC2CCB /* SDL_platform.h */,
				71054DAF1204A20900AC2CCB /* SDL_stdinc.h */,
			);
			path = include;
			sourceTree = "<group>";
		};
		71054DB21204A20900AC2CCB /* src */ = {
			isa = PBXGroup;
			children = (
				71054DB31204A20900AC2CCB /* haptic */,
				71054DB91204A20900AC2CCB /* joystick */,
				71054DC01204A20900AC2CCB /* SDL.c */,
				71054DC31204A20900AC2CCB /* SDL_error.c */,
				71054DC41204A20900AC2CCB /* SDL_error_c.h */,
			);
			path = src;
			sourceTree = "<group>";
		};
		71054DB31204A20900AC2CCB /* haptic */ = {
			isa = PBXGroup;
			children = (
				71054DB41204A20900AC2CCB /* darwin */,
				71054DB61204A20900AC2CCB /* SDL_haptic.c */,
				71054DB71204A20900AC2CCB /* SDL_haptic_c.h */,
				71054DB81204A20900AC2CCB /* SDL_syshaptic.h */,
			);
			path = haptic;
			sourceTree = "<group>";
		};
		71054DB41204A20900AC2CCB /* darwin */ = {
			isa = PBXGroup;
			children = (
				71054DB51204A20900AC2CCB /* SDL_syshaptic.c */,
			);
			path = darwin;
			sourceTree = "<group>";
		};
		71054DB91204A20900AC2CCB /* joystick */ = {
			isa = PBXGroup;
			children = (
				71054DBA1204A20900AC2CCB /* darwin */,
				71054DBD1204A20900AC2CCB /* SDL_joystick.c */,
				71054DBE1204A20900AC2CCB /* SDL_joystick_c.h */,
				71054DBF1204A20900AC2CCB /* SDL_sysjoystick.h */,
			);
			path = joystick;
			sourceTree = "<group>";
		};
		71054DBA1204A20900AC2CCB /* darwin */ = {
			isa = PBXGroup;
			children = (
				71054DBB1204A20900AC2CCB /* SDL_sysjoystick.c */,
				71054DBC1204A20900AC2CCB /* SDL_sysjoystick_c.h */,
			);
			path = darwin;
			sourceTree = "<group>";
		};
		714FA82811FC820900517F47 /* src */ = {
			isa = PBXGroup;
			children = (
				714FA82A11FC822A00517F47 /* analog.c */,
				714FA82B11FC822A00517F47 /* pad.c */,
				714FA82C11FC822A00517F47 /* pad.h */,
				714FA82D11FC822A00517F47 /* sdljoy.c */,
			);
			name = src;
			sourceTree = "<group>";
		};
		714FA82911FC820D00517F47 /* macsrc */ = {
			isa = PBXGroup;
			children = (
				71E861A411FF75AC001C1826 /* ControllerList.h */,
				71E861A511FF75AC001C1826 /* ControllerList.m */,
				71E861A811FF75AC001C1826 /* MappingCell.h */,
				71E861A911FF75AC001C1826 /* MappingCell.m */,
				71E861AA11FF75AC001C1826 /* PadController.h */,
				71E861AB11FF75AC001C1826 /* PadController.m */,
				71E861AC11FF75AC001C1826 /* PadView.h */,
				71E861AD11FF75AC001C1826 /* PadView.m */,
				714FA8F811FC863500517F47 /* cfg.c */,
				7192EAAB1200D54500038B92 /* cfg.h */,
				714FA8F911FC863500517F47 /* xkb.c */,
			);
			name = macsrc;
			sourceTree = "<group>";
		};
/* End PBXGroup section */

/* Begin PBXHeadersBuildPhase section */
		8D57630E048677EA00EA77CD /* Headers */ = {
			isa = PBXHeadersBuildPhase;
			buildActionMask = 2147483647;
			files = (
				714FA83011FC822A00517F47 /* pad.h in Headers */,
				71E861B611FF75AC001C1826 /* PadView.h in Headers */,
				7192EAAE1200D54500038B92 /* cfg.h in Headers */,
				7136F1DA1200E163001973D9 /* ControllerList.h in Headers */,
				7136F1DC1200E164001973D9 /* MappingCell.h in Headers */,
				7136F1DF1200E165001973D9 /* PadController.h in Headers */,
				71054DC51204A20900AC2CCB /* begin_code.h in Headers */,
				71054DC61204A20900AC2CCB /* close_code.h in Headers */,
				71054DC71204A20900AC2CCB /* SDL.h in Headers */,
				71054DC81204A20900AC2CCB /* SDL_assert.h in Headers */,
				71054DC91204A20900AC2CCB /* SDL_config.h in Headers */,
				71054DCA1204A20900AC2CCB /* SDL_endian.h in Headers */,
				71054DCB1204A20900AC2CCB /* SDL_error.h in Headers */,
				71054DCC1204A20900AC2CCB /* SDL_haptic.h in Headers */,
				71054DCD1204A20900AC2CCB /* SDL_joystick.h in Headers */,
				71054DCE1204A20900AC2CCB /* SDL_main.h in Headers */,
				71054DD01204A20900AC2CCB /* SDL_platform.h in Headers */,
				71054DD31204A20900AC2CCB /* SDL_stdinc.h in Headers */,
				71054DD81204A20900AC2CCB /* SDL_haptic_c.h in Headers */,
				71054DD91204A20900AC2CCB /* SDL_syshaptic.h in Headers */,
				71054DDB1204A20900AC2CCB /* SDL_sysjoystick_c.h in Headers */,
				71054DDD1204A20900AC2CCB /* SDL_joystick_c.h in Headers */,
				71054DDE1204A20900AC2CCB /* SDL_sysjoystick.h in Headers */,
				71054DE31204A20900AC2CCB /* SDL_error_c.h in Headers */,
			);
			runOnlyForDeploymentPostprocessing = 0;
		};
/* End PBXHeadersBuildPhase section */

/* Begin PBXNativeTarget section */
		8D57630D048677EA00EA77CD /* DFInput */ = {
			isa = PBXNativeTarget;
			buildConfigurationList = 71155B0C0FDFA2DE00EC0BC5 /* Build configuration list for PBXNativeTarget "DFInput" */;
			buildPhases = (
				8D57630E048677EA00EA77CD /* Headers */,
				8D57630F048677EA00EA77CD /* Resources */,
				8D576311048677EA00EA77CD /* Sources */,
				8D576313048677EA00EA77CD /* Frameworks */,
				8D576315048677EA00EA77CD /* Rez */,
			);
			buildRules = (
			);
			dependencies = (
			);
			name = DFInput;
			productInstallPath = "$(HOME)/Library/Bundles";
			productName = DFInput;
			productReference = 8D576316048677EA00EA77CD /* DFInput.psxplugin */;
			productType = "com.apple.product-type.bundle";
		};
/* End PBXNativeTarget section */

/* Begin PBXProject section */
		089C1669FE841209C02AAC07 /* Project object */ = {
			isa = PBXProject;
			buildConfigurationList = 71155B110FDFA2DE00EC0BC5 /* Build configuration list for PBXProject "DFInput" */;
			hasScannedForEncodings = 1;
			mainGroup = 089C166AFE841209C02AAC07 /* DFInput */;
			projectDirPath = "";
			targets = (
				8D57630D048677EA00EA77CD /* DFInput */,
			);
		};
/* End PBXProject section */

/* Begin PBXResourcesBuildPhase section */
		8D57630F048677EA00EA77CD /* Resources */ = {
			isa = PBXResourcesBuildPhase;
			buildActionMask = 2147483647;
			files = (
				8D5B49A804867FD3000E48DA /* InfoPlist.strings in Resources */,
				71E861BC11FF75BA001C1826 /* NetPcsxHIDInputPluginMain.nib in Resources */,
				7136F51A12011BB4001973D9 /* Credits.rtf in Resources */,
			);
			runOnlyForDeploymentPostprocessing = 0;
		};
/* End PBXResourcesBuildPhase section */

/* Begin PBXRezBuildPhase section */
		8D576315048677EA00EA77CD /* Rez */ = {
			isa = PBXRezBuildPhase;
			buildActionMask = 2147483647;
			files = (
			);
			runOnlyForDeploymentPostprocessing = 0;
		};
/* End PBXRezBuildPhase section */

/* Begin PBXSourcesBuildPhase section */
		8D576311048677EA00EA77CD /* Sources */ = {
			isa = PBXSourcesBuildPhase;
			buildActionMask = 2147483647;
			files = (
				714FA82E11FC822A00517F47 /* analog.c in Sources */,
				714FA82F11FC822A00517F47 /* pad.c in Sources */,
				714FA83111FC822A00517F47 /* sdljoy.c in Sources */,
				714FA8FA11FC863500517F47 /* cfg.c in Sources */,
				714FA8FB11FC863500517F47 /* xkb.c in Sources */,
				71E861B711FF75AC001C1826 /* PadView.m in Sources */,
				7136F1DB1200E163001973D9 /* ControllerList.m in Sources */,
				7136F1DD1200E164001973D9 /* MappingCell.m in Sources */,
				7136F1DE1200E165001973D9 /* PadController.m in Sources */,
				71054DD61204A20900AC2CCB /* SDL_syshaptic.c in Sources */,
				71054DD71204A20900AC2CCB /* SDL_haptic.c in Sources */,
				71054DDA1204A20900AC2CCB /* SDL_sysjoystick.c in Sources */,
				71054DDC1204A20900AC2CCB /* SDL_joystick.c in Sources */,
				71054DDF1204A20900AC2CCB /* SDL.c in Sources */,
				71054DE21204A20900AC2CCB /* SDL_error.c in Sources */,
			);
			runOnlyForDeploymentPostprocessing = 0;
		};
/* End PBXSourcesBuildPhase section */

/* Begin PBXVariantGroup section */
		7136F51812011BB4001973D9 /* Credits.rtf */ = {
			isa = PBXVariantGroup;
			children = (
				7136F51912011BB4001973D9 /* English */,
			);
			name = Credits.rtf;
			sourceTree = "<group>";
		};
		71E861BA11FF75BA001C1826 /* NetPcsxHIDInputPluginMain.nib */ = {
			isa = PBXVariantGroup;
			children = (
				71E861BB11FF75BA001C1826 /* English */,
			);
			name = NetPcsxHIDInputPluginMain.nib;
			sourceTree = "<group>";
		};
		8D5B49A704867FD3000E48DA /* InfoPlist.strings */ = {
			isa = PBXVariantGroup;
			children = (
				089C167EFE841241C02AAC07 /* English */,
			);
			name = InfoPlist.strings;
			sourceTree = "<group>";
		};
/* End PBXVariantGroup section */

/* Begin XCBuildConfiguration section */
		71155B0D0FDFA2DE00EC0BC5 /* Development */ = {
			isa = XCBuildConfiguration;
			buildSettings = {
				COPY_PHASE_STRIP = NO;
				DEBUGGING_SYMBOLS = YES;
				GCC_DYNAMIC_NO_PIC = NO;
				GCC_GENERATE_DEBUGGING_SYMBOLS = YES;
				GCC_MODEL_TUNING = "";
				GCC_OPTIMIZATION_LEVEL = 0;
				GCC_PRECOMPILE_PREFIX_HEADER = NO;
				GCC_WARN_FOUR_CHARACTER_CONSTANTS = NO;
				GCC_WARN_UNKNOWN_PRAGMAS = NO;
				HEADER_SEARCH_PATHS = (
					../../../libpcsxcore,
					../HID,
					Utilities,
					Source,
					./HID,
					Utilities,
					Source,
				);
				INFOPLIST_FILE = Info.plist;
				INSTALL_PATH = "$(USER_LIBRARY_DIR)/Playstation Emulator Plugins";
				LIBRARY_SEARCH_PATHS = .;
				LIBRARY_STYLE = BUNDLE;
				OTHER_CFLAGS = "";
				OTHER_LDFLAGS = "";
				OTHER_REZFLAGS = "";
				PRODUCT_NAME = DFInput;
				SECTORDER_FLAGS = "";
				SYMROOT = ../../build;
				WARNING_CFLAGS = (
					"-Wmost",
					"-Wno-four-char-constants",
					"-Wno-unknown-pragmas",
				);
				WRAPPER_EXTENSION = psxplugin;
			};
			name = Development;
		};
		71155B0E0FDFA2DE00EC0BC5 /* Deployment */ = {
			isa = XCBuildConfiguration;
			buildSettings = {
				COPY_PHASE_STRIP = YES;
				DEBUGGING_SYMBOLS = NO;
				GCC_DYNAMIC_NO_PIC = NO;
				GCC_ENABLE_FIX_AND_CONTINUE = NO;
				GCC_GENERATE_DEBUGGING_SYMBOLS = NO;
				GCC_MODEL_TUNING = "";
				GCC_OPTIMIZATION_LEVEL = s;
				GCC_PRECOMPILE_PREFIX_HEADER = NO;
				GCC_WARN_FOUR_CHARACTER_CONSTANTS = NO;
				GCC_WARN_UNKNOWN_PRAGMAS = NO;
				HEADER_SEARCH_PATHS = (
					../../../libpcsxcore,
					../HID,
					Utilities,
					Source,
					./HID,
					Utilities,
					Source,
				);
				INFOPLIST_FILE = Info.plist;
				INSTALL_PATH = "$(USER_LIBRARY_DIR)/Playstation Emulator Plugins";
				LIBRARY_SEARCH_PATHS = .;
				LIBRARY_STYLE = BUNDLE;
				OTHER_CFLAGS = "";
				OTHER_LDFLAGS = "";
				OTHER_REZFLAGS = "";
				PRODUCT_NAME = DFInput;
				SECTORDER_FLAGS = "";
				SYMROOT = ../../build;
				WARNING_CFLAGS = (
					"-Wmost",
					"-Wno-four-char-constants",
					"-Wno-unknown-pragmas",
				);
				WRAPPER_EXTENSION = psxplugin;
				ZERO_LINK = NO;
			};
			name = Deployment;
		};
		71155B120FDFA2DE00EC0BC5 /* Development */ = {
			isa = XCBuildConfiguration;
			buildSettings = {
				GCC_MODEL_TUNING = "";
				GCC_OPTIMIZATION_LEVEL = 0;
				GCC_PREPROCESSOR_DEFINITIONS = "_MACOSX=1";
				HEADER_SEARCH_PATHS = (
					../../../libpcsxcore,
					../..,
					../../../plugins/dfinput,
					../../../plugins/dfinput,
					../../../../plugins/dfinput,
					./SDL,
					./SDL/include,
				);
				STRIP_INSTALLED_PRODUCT = NO;
			};
			name = Development;
		};
		71155B130FDFA2DE00EC0BC5 /* Deployment */ = {
			isa = XCBuildConfiguration;
			buildSettings = {
				GCC_GENERATE_DEBUGGING_SYMBOLS = NO;
				GCC_PREPROCESSOR_DEFINITIONS = "_MACOSX=1";
				HEADER_SEARCH_PATHS = (
					../../../libpcsxcore,
					../..,
					../../../plugins/dfinput,
					../../../../plugins/dfinput,
					./SDL,
					./SDL/include,
					../include,
				);
			};
			name = Deployment;
		};
/* End XCBuildConfiguration section */

/* Begin XCConfigurationList section */
		71155B0C0FDFA2DE00EC0BC5 /* Build configuration list for PBXNativeTarget "DFInput" */ = {
			isa = XCConfigurationList;
			buildConfigurations = (
				71155B0D0FDFA2DE00EC0BC5 /* Development */,
				71155B0E0FDFA2DE00EC0BC5 /* Deployment */,
			);
			defaultConfigurationIsVisible = 0;
			defaultConfigurationName = Development;
		};
		71155B110FDFA2DE00EC0BC5 /* Build configuration list for PBXProject "DFInput" */ = {
			isa = XCConfigurationList;
			buildConfigurations = (
				71155B120FDFA2DE00EC0BC5 /* Development */,
				71155B130FDFA2DE00EC0BC5 /* Deployment */,
			);
			defaultConfigurationIsVisible = 0;
			defaultConfigurationName = Development;
		};
/* End XCConfigurationList section */
	};
	rootObject = 089C1669FE841209C02AAC07 /* Project object */;
}
